
Microsoft Visual Studio Solution File, Format Version 12.00
# Visual Studio Version 17
VisualStudioVersion = 17.0.31903.59
MinimumVisualStudioVersion = 10.0.40219.1
Project("{2150E333-8FDC-42A3-9474-1A3956D46DE8}") = "NoraShop.API", "NoraShop.API", "{D40B5910-AF6E-DBBA-D5FD-377A1EA9971E}"
EndProject
Project("{FAE04EC0-301F-11D3-BF4B-00C04F79EFBC}") = "Nora.Shop.Core", "NoraShop.API\Nora.Shop.Core\Nora.Shop.Core.csproj", "{3EE6B533-CAF1-400F-AF2F-B386AAE924E6}"
EndProject
Project("{FAE04EC0-301F-11D3-BF4B-00C04F79EFBC}") = "Nora.Shop.Data.Accsess", "NoraShop.API\Nora.Shop.Data.Accsess\Nora.Shop.Data.Accsess.csproj", "{F2C782F7-514A-4A70-A6C1-A65D04A10FDA}"
EndProject
Project("{FAE04EC0-301F-11D3-BF4B-00C04F79EFBC}") = "Nora.Shop.Business", "NoraShop.API\Nora.Shop.Business\Nora.Shop.Business.csproj", "{9913A668-6CEA-4604-AA02-9EDF9CA785B8}"
EndProject
Project("{FAE04EC0-301F-11D3-BF4B-00C04F79EFBC}") = "Nora.Shop.WebAPI", "NoraShop.API\Nora.Shop.WebAPI\Nora.Shop.WebAPI.csproj", "{7C8FC981-0223-40DA-82EF-6A32529F74DF}"
EndProject
Project("{2150E333-8FDC-42A3-9474-1A3956D46DE8}") = "NoraShop.MVC", "NoraShop.MVC", "{BAE0D1CC-6FAC-83BD-106F-8321920F9A2E}"
EndProject
Project("{FAE04EC0-301F-11D3-BF4B-00C04F79EFBC}") = "E-Ticaret Projesi", "NoraShop.MVC\E-Ticaret Projesi\E-Ticaret Projesi.csproj", "{CF23DA1A-643A-42A0-9363-1470F163B1A4}"
EndProject
Global
	GlobalSection(SolutionConfigurationPlatforms) = preSolution
		Debug|Any CPU = Debug|Any CPU
		Debug|x64 = Debug|x64
		Debug|x86 = Debug|x86
		Release|Any CPU = Release|Any CPU
		Release|x64 = Release|x64
		Release|x86 = Release|x86
	EndGlobalSection
	GlobalSection(ProjectConfigurationPlatforms) = postSolution
		{3EE6B533-CAF1-400F-AF2F-B386AAE924E6}.Debug|Any CPU.ActiveCfg = Debug|Any CPU
		{3EE6B533-CAF1-400F-AF2F-B386AAE924E6}.Debug|Any CPU.Build.0 = Debug|Any CPU
		{3EE6B533-CAF1-400F-AF2F-B386AAE924E6}.Debug|x64.ActiveCfg = Debug|Any CPU
		{3EE6B533-CAF1-400F-AF2F-B386AAE924E6}.Debug|x64.Build.0 = Debug|Any CPU
		{3EE6B533-CAF1-400F-AF2F-B386AAE924E6}.Debug|x86.ActiveCfg = Debug|Any CPU
		{3EE6B533-CAF1-400F-AF2F-B386AAE924E6}.Debug|x86.Build.0 = Debug|Any CPU
		{3EE6B533-CAF1-400F-AF2F-B386AAE924E6}.Release|Any CPU.ActiveCfg = Release|Any CPU
		{3EE6B533-CAF1-400F-AF2F-B386AAE924E6}.Release|Any CPU.Build.0 = Release|Any CPU
		{3EE6B533-CAF1-400F-AF2F-B386AAE924E6}.Release|x64.ActiveCfg = Release|Any CPU
		{3EE6B533-CAF1-400F-AF2F-B386AAE924E6}.Release|x64.Build.0 = Release|Any CPU
		{3EE6B533-CAF1-400F-AF2F-B386AAE924E6}.Release|x86.ActiveCfg = Release|Any CPU
		{3EE6B533-CAF1-400F-AF2F-B386AAE924E6}.Release|x86.Build.0 = Release|Any CPU
		{F2C782F7-514A-4A70-A6C1-A65D04A10FDA}.Debug|Any CPU.ActiveCfg = Debug|Any CPU
		{F2C782F7-514A-4A70-A6C1-A65D04A10FDA}.Debug|Any CPU.Build.0 = Debug|Any CPU
		{F2C782F7-514A-4A70-A6C1-A65D04A10FDA}.Debug|x64.ActiveCfg = Debug|Any CPU
		{F2C782F7-514A-4A70-A6C1-A65D04A10FDA}.Debug|x64.Build.0 = Debug|Any CPU
		{F2C782F7-514A-4A70-A6C1-A65D04A10FDA}.Debug|x86.ActiveCfg = Debug|Any CPU
		{F2C782F7-514A-4A70-A6C1-A65D04A10FDA}.Debug|x86.Build.0 = Debug|Any CPU
		{F2C782F7-514A-4A70-A6C1-A65D04A10FDA}.Release|Any CPU.ActiveCfg = Release|Any CPU
		{F2C782F7-514A-4A70-A6C1-A65D04A10FDA}.Release|Any CPU.Build.0 = Release|Any CPU
		{F2C782F7-514A-4A70-A6C1-A65D04A10FDA}.Release|x64.ActiveCfg = Release|Any CPU
		{F2C782F7-514A-4A70-A6C1-A65D04A10FDA}.Release|x64.Build.0 = Release|Any CPU
		{F2C782F7-514A-4A70-A6C1-A65D04A10FDA}.Release|x86.ActiveCfg = Release|Any CPU
		{F2C782F7-514A-4A70-A6C1-A65D04A10FDA}.Release|x86.Build.0 = Release|Any CPU
		{9913A668-6CEA-4604-AA02-9EDF9CA785B8}.Debug|Any CPU.ActiveCfg = Debug|Any CPU
		{9913A668-6CEA-4604-AA02-9EDF9CA785B8}.Debug|Any CPU.Build.0 = Debug|Any CPU
		{9913A668-6CEA-4604-AA02-9EDF9CA785B8}.Debug|x64.ActiveCfg = Debug|Any CPU
		{9913A668-6CEA-4604-AA02-9EDF9CA785B8}.Debug|x64.Build.0 = Debug|Any CPU
		{9913A668-6CEA-4604-AA02-9EDF9CA785B8}.Debug|x86.ActiveCfg = Debug|Any CPU
		{9913A668-6CEA-4604-AA02-9EDF9CA785B8}.Debug|x86.Build.0 = Debug|Any CPU
		{9913A668-6CEA-4604-AA02-9EDF9CA785B8}.Release|Any CPU.ActiveCfg = Release|Any CPU
		{9913A668-6CEA-4604-AA02-9EDF9CA785B8}.Release|Any CPU.Build.0 = Release|Any CPU
		{9913A668-6CEA-4604-AA02-9EDF9CA785B8}.Release|x64.ActiveCfg = Release|Any CPU
		{9913A668-6CEA-4604-AA02-9EDF9CA785B8}.Release|x64.Build.0 = Release|Any CPU
		{9913A668-6CEA-4604-AA02-9EDF9CA785B8}.Release|x86.ActiveCfg = Release|Any CPU
		{9913A668-6CEA-4604-AA02-9EDF9CA785B8}.Release|x86.Build.0 = Release|Any CPU
		{7C8FC981-0223-40DA-82EF-6A32529F74DF}.Debug|Any CPU.ActiveCfg = Debug|Any CPU
		{7C8FC981-0223-40DA-82EF-6A32529F74DF}.Debug|Any CPU.Build.0 = Debug|Any CPU
		{7C8FC981-0223-40DA-82EF-6A32529F74DF}.Debug|x64.ActiveCfg = Debug|Any CPU
		{7C8FC981-0223-40DA-82EF-6A32529F74DF}.Debug|x64.Build.0 = Debug|Any CPU
		{7C8FC981-0223-40DA-82EF-6A32529F74DF}.Debug|x86.ActiveCfg = Debug|Any CPU
		{7C8FC981-0223-40DA-82EF-6A32529F74DF}.Debug|x86.Build.0 = Debug|Any CPU
		{7C8FC981-0223-40DA-82EF-6A32529F74DF}.Release|Any CPU.ActiveCfg = Release|Any CPU
		{7C8FC981-0223-40DA-82EF-6A32529F74DF}.Release|Any CPU.Build.0 = Release|Any CPU
		{7C8FC981-0223-40DA-82EF-6A32529F74DF}.Release|x64.ActiveCfg = Release|Any CPU
		{7C8FC981-0223-40DA-82EF-6A32529F74DF}.Release|x64.Build.0 = Release|Any CPU
		{7C8FC981-0223-40DA-82EF-6A32529F74DF}.Release|x86.ActiveCfg = Release|Any CPU
		{7C8FC981-0223-40DA-82EF-6A32529F74DF}.Release|x86.Build.0 = Release|Any CPU
		{CF23DA1A-643A-42A0-9363-1470F163B1A4}.Debug|Any CPU.ActiveCfg = Debug|Any CPU
		{CF23DA1A-643A-42A0-9363-1470F163B1A4}.Debug|Any CPU.Build.0 = Debug|Any CPU
		{CF23DA1A-643A-42A0-9363-1470F163B1A4}.Debug|x64.ActiveCfg = Debug|Any CPU
		{CF23DA1A-643A-42A0-9363-1470F163B1A4}.Debug|x64.Build.0 = Debug|Any CPU
		{CF23DA1A-643A-42A0-9363-1470F163B1A4}.Debug|x86.ActiveCfg = Debug|Any CPU
		{CF23DA1A-643A-42A0-9363-1470F163B1A4}.Debug|x86.Build.0 = Debug|Any CPU
		{CF23DA1A-643A-42A0-9363-1470F163B1A4}.Release|Any CPU.ActiveCfg = Release|Any CPU
		{CF23DA1A-643A-42A0-9363-1470F163B1A4}.Release|Any CPU.Build.0 = Release|Any CPU
		{CF23DA1A-643A-42A0-9363-1470F163B1A4}.Release|x64.ActiveCfg = Release|Any CPU
		{CF23DA1A-643A-42A0-9363-1470F163B1A4}.Release|x64.Build.0 = Release|Any CPU
		{CF23DA1A-643A-42A0-9363-1470F163B1A4}.Release|x86.ActiveCfg = Release|Any CPU
		{CF23DA1A-643A-42A0-9363-1470F163B1A4}.Release|x86.Build.0 = Release|Any CPU
	EndGlobalSection
	GlobalSection(SolutionProperties) = preSolution
		HideSolutionNode = FALSE
	EndGlobalSection
	GlobalSection(NestedProjects) = preSolution
		{3EE6B533-CAF1-400F-AF2F-B386AAE924E6} = {D40B5910-AF6E-DBBA-D5FD-377A1EA9971E}
		{F2C782F7-514A-4A70-A6C1-A65D04A10FDA} = {D40B5910-AF6E-DBBA-D5FD-377A1EA9971E}
		{9913A668-6CEA-4604-AA02-9EDF9CA785B8} = {D40B5910-AF6E-DBBA-D5FD-377A1EA9971E}
		{7C8FC981-0223-40DA-82EF-6A32529F74DF} = {D40B5910-AF6E-DBBA-D5FD-377A1EA9971E}
		{CF23DA1A-643A-42A0-9363-1470F163B1A4} = {BAE0D1CC-6FAC-83BD-106F-8321920F9A2E}
	EndGlobalSection
EndGlobal
