<Solution>
  <Project Path="../NoraShop.MVC/E-Ticaret Projesi/E-Ticaret Projesi.csproj" />
  <Project Path="../NoraShop.API/Nora.Shop.Business/Nora.Shop.Business.csproj" />
  <Project Path="../NoraShop.API/Nora.Shop.Core/Nora.Shop.Core.csproj" />
  <Project Path="../NoraShop.API/Nora.Shop.Data.Accsess/Nora.Shop.Data.Accsess.csproj" />
  <Project Path="../NoraShop.API/Nora.Shop.WebAPI/Nora.Shop.WebAPI.csproj" />
</Solution>
